<?xml version="1.0" encoding="UTF-8"?>
<CodeBlocks_project_file>
	<FileVersion major="1" minor="6"/>
	<Project>
		<Option title="BinarySearchTree"/>
		<Option makefile_is_custom="1"/>
		<Option compiler="gcc"/>
		<Option virtualFolders="CMake Files\;"/>
		<Build>
			<Target title="all">
				<Option working_dir="/home/dan/Sync/uni/ASE/labAVL"/>
				<Option type="4"/>
				<MakeCommands>
					<Build command="/usr/bin/make -f &quot;/home/dan/Sync/uni/ASE/labAVL/Makefile&quot;  VERBOSE=1 all"/>
					<CompileFile command="/usr/bin/make -f &quot;/home/dan/Sync/uni/ASE/labAVL/Makefile&quot;  VERBOSE=1 &quot;$file&quot;"/>
					<Clean command="/usr/bin/make -f &quot;/home/dan/Sync/uni/ASE/labAVL/Makefile&quot;  VERBOSE=1 clean"/>
					<DistClean command="/usr/bin/make -f &quot;/home/dan/Sync/uni/ASE/labAVL/Makefile&quot;  VERBOSE=1 clean"/>
				</MakeCommands>
			</Target>
			<Target title="install/strip">
				<Option working_dir="/home/dan/Sync/uni/ASE/labAVL"/>
				<Option type="4"/>
				<MakeCommands>
					<Build command="/usr/bin/make -f &quot;/home/dan/Sync/uni/ASE/labAVL/Makefile&quot;  VERBOSE=1 install/strip"/>
					<CompileFile command="/usr/bin/make -f &quot;/home/dan/Sync/uni/ASE/labAVL/Makefile&quot;  VERBOSE=1 &quot;$file&quot;"/>
					<Clean command="/usr/bin/make -f &quot;/home/dan/Sync/uni/ASE/labAVL/Makefile&quot;  VERBOSE=1 clean"/>
					<DistClean command="/usr/bin/make -f &quot;/home/dan/Sync/uni/ASE/labAVL/Makefile&quot;  VERBOSE=1 clean"/>
				</MakeCommands>
			</Target>
			<Target title="install/local">
				<Option working_dir="/home/dan/Sync/uni/ASE/labAVL"/>
				<Option type="4"/>
				<MakeCommands>
					<Build command="/usr/bin/make -f &quot;/home/dan/Sync/uni/ASE/labAVL/Makefile&quot;  VERBOSE=1 install/local"/>
					<CompileFile command="/usr/bin/make -f &quot;/home/dan/Sync/uni/ASE/labAVL/Makefile&quot;  VERBOSE=1 &quot;$file&quot;"/>
					<Clean command="/usr/bin/make -f &quot;/home/dan/Sync/uni/ASE/labAVL/Makefile&quot;  VERBOSE=1 clean"/>
					<DistClean command="/usr/bin/make -f &quot;/home/dan/Sync/uni/ASE/labAVL/Makefile&quot;  VERBOSE=1 clean"/>
				</MakeCommands>
			</Target>
			<Target title="install">
				<Option working_dir="/home/dan/Sync/uni/ASE/labAVL"/>
				<Option type="4"/>
				<MakeCommands>
					<Build command="/usr/bin/make -f &quot;/home/dan/Sync/uni/ASE/labAVL/Makefile&quot;  VERBOSE=1 install"/>
					<CompileFile command="/usr/bin/make -f &quot;/home/dan/Sync/uni/ASE/labAVL/Makefile&quot;  VERBOSE=1 &quot;$file&quot;"/>
					<Clean command="/usr/bin/make -f &quot;/home/dan/Sync/uni/ASE/labAVL/Makefile&quot;  VERBOSE=1 clean"/>
					<DistClean command="/usr/bin/make -f &quot;/home/dan/Sync/uni/ASE/labAVL/Makefile&quot;  VERBOSE=1 clean"/>
				</MakeCommands>
			</Target>
			<Target title="bsttest">
				<Option output="/home/dan/Sync/uni/ASE/labAVL/bsttest" prefix_auto="0" extension_auto="0"/>
				<Option working_dir=""/>
				<Option object_output="./"/>
				<Option type="1"/>
				<Option compiler="gcc"/>
				<Compiler/>
				<MakeCommands>
					<Build command="/usr/bin/make -f &quot;/home/dan/Sync/uni/ASE/labAVL/Makefile&quot;  VERBOSE=1 bsttest"/>
					<CompileFile command="/usr/bin/make -f &quot;/home/dan/Sync/uni/ASE/labAVL/Makefile&quot;  VERBOSE=1 &quot;$file&quot;"/>
					<Clean command="/usr/bin/make -f &quot;/home/dan/Sync/uni/ASE/labAVL/Makefile&quot;  VERBOSE=1 clean"/>
					<DistClean command="/usr/bin/make -f &quot;/home/dan/Sync/uni/ASE/labAVL/Makefile&quot;  VERBOSE=1 clean"/>
				</MakeCommands>
			</Target>
			<Target title="bsttest/fast">
				<Option output="/home/dan/Sync/uni/ASE/labAVL/bsttest" prefix_auto="0" extension_auto="0"/>
				<Option working_dir=""/>
				<Option object_output="./"/>
				<Option type="1"/>
				<Option compiler="gcc"/>
				<Compiler/>
				<MakeCommands>
					<Build command="/usr/bin/make -f &quot;/home/dan/Sync/uni/ASE/labAVL/Makefile&quot;  VERBOSE=1 bsttest/fast"/>
					<CompileFile command="/usr/bin/make -f &quot;/home/dan/Sync/uni/ASE/labAVL/Makefile&quot;  VERBOSE=1 &quot;$file&quot;"/>
					<Clean command="/usr/bin/make -f &quot;/home/dan/Sync/uni/ASE/labAVL/Makefile&quot;  VERBOSE=1 clean"/>
					<DistClean command="/usr/bin/make -f &quot;/home/dan/Sync/uni/ASE/labAVL/Makefile&quot;  VERBOSE=1 clean"/>
				</MakeCommands>
			</Target>
			<Target title="list_install_components">
				<Option working_dir="/home/dan/Sync/uni/ASE/labAVL"/>
				<Option type="4"/>
				<MakeCommands>
					<Build command="/usr/bin/make -f &quot;/home/dan/Sync/uni/ASE/labAVL/Makefile&quot;  VERBOSE=1 list_install_components"/>
					<CompileFile command="/usr/bin/make -f &quot;/home/dan/Sync/uni/ASE/labAVL/Makefile&quot;  VERBOSE=1 &quot;$file&quot;"/>
					<Clean command="/usr/bin/make -f &quot;/home/dan/Sync/uni/ASE/labAVL/Makefile&quot;  VERBOSE=1 clean"/>
					<DistClean command="/usr/bin/make -f &quot;/home/dan/Sync/uni/ASE/labAVL/Makefile&quot;  VERBOSE=1 clean"/>
				</MakeCommands>
			</Target>
			<Target title="app">
				<Option output="/home/dan/Sync/uni/ASE/labAVL/app" prefix_auto="0" extension_auto="0"/>
				<Option working_dir=""/>
				<Option object_output="./"/>
				<Option type="1"/>
				<Option compiler="gcc"/>
				<Compiler/>
				<MakeCommands>
					<Build command="/usr/bin/make -f &quot;/home/dan/Sync/uni/ASE/labAVL/Makefile&quot;  VERBOSE=1 app"/>
					<CompileFile command="/usr/bin/make -f &quot;/home/dan/Sync/uni/ASE/labAVL/Makefile&quot;  VERBOSE=1 &quot;$file&quot;"/>
					<Clean command="/usr/bin/make -f &quot;/home/dan/Sync/uni/ASE/labAVL/Makefile&quot;  VERBOSE=1 clean"/>
					<DistClean command="/usr/bin/make -f &quot;/home/dan/Sync/uni/ASE/labAVL/Makefile&quot;  VERBOSE=1 clean"/>
				</MakeCommands>
			</Target>
			<Target title="app/fast">
				<Option output="/home/dan/Sync/uni/ASE/labAVL/app" prefix_auto="0" extension_auto="0"/>
				<Option working_dir=""/>
				<Option object_output="./"/>
				<Option type="1"/>
				<Option compiler="gcc"/>
				<Compiler/>
				<MakeCommands>
					<Build command="/usr/bin/make -f &quot;/home/dan/Sync/uni/ASE/labAVL/Makefile&quot;  VERBOSE=1 app/fast"/>
					<CompileFile command="/usr/bin/make -f &quot;/home/dan/Sync/uni/ASE/labAVL/Makefile&quot;  VERBOSE=1 &quot;$file&quot;"/>
					<Clean command="/usr/bin/make -f &quot;/home/dan/Sync/uni/ASE/labAVL/Makefile&quot;  VERBOSE=1 clean"/>
					<DistClean command="/usr/bin/make -f &quot;/home/dan/Sync/uni/ASE/labAVL/Makefile&quot;  VERBOSE=1 clean"/>
				</MakeCommands>
			</Target>
			<Target title="edit_cache">
				<Option working_dir="/home/dan/Sync/uni/ASE/labAVL"/>
				<Option type="4"/>
				<MakeCommands>
					<Build command="/usr/bin/make -f &quot;/home/dan/Sync/uni/ASE/labAVL/Makefile&quot;  VERBOSE=1 edit_cache"/>
					<CompileFile command="/usr/bin/make -f &quot;/home/dan/Sync/uni/ASE/labAVL/Makefile&quot;  VERBOSE=1 &quot;$file&quot;"/>
					<Clean command="/usr/bin/make -f &quot;/home/dan/Sync/uni/ASE/labAVL/Makefile&quot;  VERBOSE=1 clean"/>
					<DistClean command="/usr/bin/make -f &quot;/home/dan/Sync/uni/ASE/labAVL/Makefile&quot;  VERBOSE=1 clean"/>
				</MakeCommands>
			</Target>
			<Target title="hstbltest">
				<Option output="/home/dan/Sync/uni/ASE/labAVL/hstbltest" prefix_auto="0" extension_auto="0"/>
				<Option working_dir=""/>
				<Option object_output="./"/>
				<Option type="1"/>
				<Option compiler="gcc"/>
				<Compiler/>
				<MakeCommands>
					<Build command="/usr/bin/make -f &quot;/home/dan/Sync/uni/ASE/labAVL/Makefile&quot;  VERBOSE=1 hstbltest"/>
					<CompileFile command="/usr/bin/make -f &quot;/home/dan/Sync/uni/ASE/labAVL/Makefile&quot;  VERBOSE=1 &quot;$file&quot;"/>
					<Clean command="/usr/bin/make -f &quot;/home/dan/Sync/uni/ASE/labAVL/Makefile&quot;  VERBOSE=1 clean"/>
					<DistClean command="/usr/bin/make -f &quot;/home/dan/Sync/uni/ASE/labAVL/Makefile&quot;  VERBOSE=1 clean"/>
				</MakeCommands>
			</Target>
			<Target title="hstbltest/fast">
				<Option output="/home/dan/Sync/uni/ASE/labAVL/hstbltest" prefix_auto="0" extension_auto="0"/>
				<Option working_dir=""/>
				<Option object_output="./"/>
				<Option type="1"/>
				<Option compiler="gcc"/>
				<Compiler/>
				<MakeCommands>
					<Build command="/usr/bin/make -f &quot;/home/dan/Sync/uni/ASE/labAVL/Makefile&quot;  VERBOSE=1 hstbltest/fast"/>
					<CompileFile command="/usr/bin/make -f &quot;/home/dan/Sync/uni/ASE/labAVL/Makefile&quot;  VERBOSE=1 &quot;$file&quot;"/>
					<Clean command="/usr/bin/make -f &quot;/home/dan/Sync/uni/ASE/labAVL/Makefile&quot;  VERBOSE=1 clean"/>
					<DistClean command="/usr/bin/make -f &quot;/home/dan/Sync/uni/ASE/labAVL/Makefile&quot;  VERBOSE=1 clean"/>
				</MakeCommands>
			</Target>
			<Target title="rebuild_cache">
				<Option working_dir="/home/dan/Sync/uni/ASE/labAVL"/>
				<Option type="4"/>
				<MakeCommands>
					<Build command="/usr/bin/make -f &quot;/home/dan/Sync/uni/ASE/labAVL/Makefile&quot;  VERBOSE=1 rebuild_cache"/>
					<CompileFile command="/usr/bin/make -f &quot;/home/dan/Sync/uni/ASE/labAVL/Makefile&quot;  VERBOSE=1 &quot;$file&quot;"/>
					<Clean command="/usr/bin/make -f &quot;/home/dan/Sync/uni/ASE/labAVL/Makefile&quot;  VERBOSE=1 clean"/>
					<DistClean command="/usr/bin/make -f &quot;/home/dan/Sync/uni/ASE/labAVL/Makefile&quot;  VERBOSE=1 clean"/>
				</MakeCommands>
			</Target>
		</Build>
		<Unit filename="/home/dan/Sync/uni/ASE/labAVL/BinarySearchTree.cpp">
			<Option target="bsttest"/>
			<Option target="app"/>
		</Unit>
		<Unit filename="/home/dan/Sync/uni/ASE/labAVL/BinarySearchTree.h">
			<Option target="bsttest"/>
			<Option target="app"/>
		</Unit>
		<Unit filename="/home/dan/Sync/uni/ASE/labAVL/HashTable.cpp">
			<Option target="app"/>
			<Option target="hstbltest"/>
		</Unit>
		<Unit filename="/home/dan/Sync/uni/ASE/labAVL/HashTable.h">
			<Option target="app"/>
			<Option target="hstbltest"/>
		</Unit>
		<Unit filename="/home/dan/Sync/uni/ASE/labAVL/TestBinarySearchTree.cpp">
			<Option target="bsttest"/>
		</Unit>
		<Unit filename="/home/dan/Sync/uni/ASE/labAVL/TestHashTable.cpp">
			<Option target="hstbltest"/>
		</Unit>
		<Unit filename="/home/dan/Sync/uni/ASE/labAVL/main.cpp">
			<Option target="app"/>
		</Unit>
		<Unit filename="/home/dan/Sync/uni/ASE/labAVL/CMakeLists.txt">
			<Option virtualFolder="CMake Files\"/>
		</Unit>
	</Project>
</CodeBlocks_project_file>
